
Microsoft Visual Studio Solution File, Format Version 12.00
# Visual Studio Version 17
VisualStudioVersion = 17.5.33424.131
MinimumVisualStudioVersion = 10.0.40219.1
Project("{9A19103F-16F7-4668-BE54-9A1E7A4F7556}") = "AuthWithJWTExample", "AuthWithJWTExample\AuthWithJWTExample.csproj", "{72584D21-5719-4975-A6F8-2E05A8F52B12}"
EndProject
Global
	GlobalSection(SolutionConfigurationPlatforms) = preSolution
		Debug|Any CPU = Debug|Any CPU
		Release|Any CPU = Release|Any CPU
	EndGlobalSection
	GlobalSection(ProjectConfigurationPlatforms) = postSolution
		{72584D21-5719-4975-A6F8-2E05A8F52B12}.Debug|Any CPU.ActiveCfg = Debug|Any CPU
		{72584D21-5719-4975-A6F8-2E05A8F52B12}.Debug|Any CPU.Build.0 = Debug|Any CPU
		{72584D21-5719-4975-A6F8-2E05A8F52B12}.Release|Any CPU.ActiveCfg = Release|Any CPU
		{72584D21-5719-4975-A6F8-2E05A8F52B12}.Release|Any CPU.Build.0 = Release|Any CPU
	EndGlobalSection
	GlobalSection(SolutionProperties) = preSolution
		HideSolutionNode = FALSE
	EndGlobalSection
	GlobalSection(ExtensibilityGlobals) = postSolution
		SolutionGuid = {938EB826-E9E8-420B-9F41-752C69F8BAD7}
	EndGlobalSection
EndGlobal
